
Microsoft Visual Studio Solution File, Format Version 12.00
# Visual Studio Version 17
VisualStudioVersion = 17.5.002.0
MinimumVisualStudioVersion = 10.0.40219.1
Project("{9A19103F-16F7-4668-BE54-9A1E7A4F7556}") = "OceanUnity", "OceanUnity\OceanUnity.csproj", "{4D90F482-214D-48F3-9D68-051F53782E38}"
EndProject
Global
	GlobalSection(SolutionConfigurationPlatforms) = preSolution
		Debug|Any CPU = Debug|Any CPU
		Release|Any CPU = Release|Any CPU
	EndGlobalSection
	GlobalSection(ProjectConfigurationPlatforms) = postSolution
		{4D90F482-214D-48F3-9D68-051F53782E38}.Debug|Any CPU.ActiveCfg = Debug|Any CPU
		{4D90F482-214D-48F3-9D68-051F53782E38}.Debug|Any CPU.Build.0 = Debug|Any CPU
		{4D90F482-214D-48F3-9D68-051F53782E38}.Release|Any CPU.ActiveCfg = Release|Any CPU
		{4D90F482-214D-48F3-9D68-051F53782E38}.Release|Any CPU.Build.0 = Release|Any CPU
	EndGlobalSection
	GlobalSection(SolutionProperties) = preSolution
		HideSolutionNode = FALSE
	EndGlobalSection
	GlobalSection(ExtensibilityGlobals) = postSolution
		SolutionGuid = {5C7253E2-5E08-408B-AB4C-0A22E72262AA}
	EndGlobalSection
EndGlobal
